
Microsoft Visual Studio Solution File, Format Version 12.00
# Visual Studio Version 17
VisualStudioVersion = 17.9.34728.123
MinimumVisualStudioVersion = 10.0.40219.1
Project("{FAE04EC0-301F-11D3-BF4B-00C04F79EFBC}") = "CRUDProcedureCoreMVC", "CRUDProcedureCoreMVC\CRUDProcedureCoreMVC.csproj", "{782ECFF6-9E88-41E6-894E-8E7A43E81420}"
EndProject
Global
	GlobalSection(SolutionConfigurationPlatforms) = preSolution
		Debug|Any CPU = Debug|Any CPU
		Release|Any CPU = Release|Any CPU
	EndGlobalSection
	GlobalSection(ProjectConfigurationPlatforms) = postSolution
		{782ECFF6-9E88-41E6-894E-8E7A43E81420}.Debug|Any CPU.ActiveCfg = Debug|Any CPU
		{782ECFF6-9E88-41E6-894E-8E7A43E81420}.Debug|Any CPU.Build.0 = Debug|Any CPU
		{782ECFF6-9E88-41E6-894E-8E7A43E81420}.Release|Any CPU.ActiveCfg = Release|Any CPU
		{782ECFF6-9E88-41E6-894E-8E7A43E81420}.Release|Any CPU.Build.0 = Release|Any CPU
	EndGlobalSection
	GlobalSection(SolutionProperties) = preSolution
		HideSolutionNode = FALSE
	EndGlobalSection
	GlobalSection(ExtensibilityGlobals) = postSolution
		SolutionGuid = {0CE3D931-2B07-400A-BBA1-3593BD502DE9}
	EndGlobalSection
EndGlobal
